
Microsoft Visual Studio Solution File, Format Version 12.00
# Visual Studio 15
VisualStudioVersion = 15.0.28307.1022
MinimumVisualStudioVersion = 10.0.40219.1
Project("{FAE04EC0-301F-11D3-BF4B-00C04F79EFBC}") = "DbShoppingMallProject", "DbShoppingMallProject\DbShoppingMallProject.csproj", "{7C50F814-6E69-4B8B-AF1C-0A8A6BAD7753}"
EndProject
Global
	GlobalSection(SolutionConfigurationPlatforms) = preSolution
		Debug|Any CPU = Debug|Any CPU
		Release|Any CPU = Release|Any CPU
	EndGlobalSection
	GlobalSection(ProjectConfigurationPlatforms) = postSolution
		{7C50F814-6E69-4B8B-AF1C-0A8A6BAD7753}.Debug|Any CPU.ActiveCfg = Debug|Any CPU
		{7C50F814-6E69-4B8B-AF1C-0A8A6BAD7753}.Debug|Any CPU.Build.0 = Debug|Any CPU
		{7C50F814-6E69-4B8B-AF1C-0A8A6BAD7753}.Release|Any CPU.ActiveCfg = Release|Any CPU
		{7C50F814-6E69-4B8B-AF1C-0A8A6BAD7753}.Release|Any CPU.Build.0 = Release|Any CPU
	EndGlobalSection
	GlobalSection(SolutionProperties) = preSolution
		HideSolutionNode = FALSE
	EndGlobalSection
	GlobalSection(ExtensibilityGlobals) = postSolution
		SolutionGuid = {5237099A-F3C7-4376-AB1B-ED6A5945E7DF}
	EndGlobalSection
EndGlobal
